
Microsoft Visual Studio Solution File, Format Version 12.00
# Visual Studio 15
VisualStudioVersion = 15.0.26730.15
MinimumVisualStudioVersion = 10.0.40219.1
Project("{FAE04EC0-301F-11D3-BF4B-00C04F79EFBC}") = "NitroBolt.Immutable", "NitroBolt.Immutable\NitroBolt.Immutable.csproj", "{446BEFF5-7E79-4561-89A9-65B5EA27CF96}"
EndProject
Project("{FAE04EC0-301F-11D3-BF4B-00C04F79EFBC}") = "NitroBolt.Functional", "NitroBolt.Functional\NitroBolt.Functional.csproj", "{681AF12B-8D15-499E-8746-4FB0252D4AA4}"
EndProject
Project("{FAE04EC0-301F-11D3-BF4B-00C04F79EFBC}") = "NitroBolt.QSharp", "NitroBolt.QSharp\NitroBolt.QSharp.csproj", "{DB87BFCD-D22F-46F0-992B-9F008001EEBC}"
EndProject
Project("{FAE04EC0-301F-11D3-BF4B-00C04F79EFBC}") = "NitroBolt.QSharp.Tests", "NitroBolt.QSharp.Tests\NitroBolt.QSharp.Tests.csproj", "{F43594E6-E8F7-49FA-870C-830C15D54666}"
EndProject
Global
	GlobalSection(SolutionConfigurationPlatforms) = preSolution
		Debug|Any CPU = Debug|Any CPU
		Release|Any CPU = Release|Any CPU
	EndGlobalSection
	GlobalSection(ProjectConfigurationPlatforms) = postSolution
		{446BEFF5-7E79-4561-89A9-65B5EA27CF96}.Debug|Any CPU.ActiveCfg = Debug|Any CPU
		{446BEFF5-7E79-4561-89A9-65B5EA27CF96}.Debug|Any CPU.Build.0 = Debug|Any CPU
		{446BEFF5-7E79-4561-89A9-65B5EA27CF96}.Release|Any CPU.ActiveCfg = Release|Any CPU
		{446BEFF5-7E79-4561-89A9-65B5EA27CF96}.Release|Any CPU.Build.0 = Release|Any CPU
		{681AF12B-8D15-499E-8746-4FB0252D4AA4}.Debug|Any CPU.ActiveCfg = Debug|Any CPU
		{681AF12B-8D15-499E-8746-4FB0252D4AA4}.Debug|Any CPU.Build.0 = Debug|Any CPU
		{681AF12B-8D15-499E-8746-4FB0252D4AA4}.Release|Any CPU.ActiveCfg = Release|Any CPU
		{681AF12B-8D15-499E-8746-4FB0252D4AA4}.Release|Any CPU.Build.0 = Release|Any CPU
		{DB87BFCD-D22F-46F0-992B-9F008001EEBC}.Debug|Any CPU.ActiveCfg = Debug|Any CPU
		{DB87BFCD-D22F-46F0-992B-9F008001EEBC}.Debug|Any CPU.Build.0 = Debug|Any CPU
		{DB87BFCD-D22F-46F0-992B-9F008001EEBC}.Release|Any CPU.ActiveCfg = Release|Any CPU
		{DB87BFCD-D22F-46F0-992B-9F008001EEBC}.Release|Any CPU.Build.0 = Release|Any CPU
		{F43594E6-E8F7-49FA-870C-830C15D54666}.Debug|Any CPU.ActiveCfg = Debug|Any CPU
		{F43594E6-E8F7-49FA-870C-830C15D54666}.Debug|Any CPU.Build.0 = Debug|Any CPU
		{F43594E6-E8F7-49FA-870C-830C15D54666}.Release|Any CPU.ActiveCfg = Release|Any CPU
		{F43594E6-E8F7-49FA-870C-830C15D54666}.Release|Any CPU.Build.0 = Release|Any CPU
	EndGlobalSection
	GlobalSection(SolutionProperties) = preSolution
		HideSolutionNode = FALSE
	EndGlobalSection
	GlobalSection(ExtensibilityGlobals) = postSolution
		SolutionGuid = {D321C197-FB45-4CB6-905A-5E2239079694}
	EndGlobalSection
EndGlobal
